# This file is autogenerated, do not edit; changes may be undone by the next 'dep ensure'.


[[projects]]
  digest = "1:89c63c70a25c2e319f55530613642367afe4157b0f076be3564a7e55b83051b8"
  name = "github.com/vmware/govmomi"
  packages = [
    ".",
    "property",
    "session",
    "vapi/internal",
    "vapi/rest",
    "vapi/tags",
    "vim25",
    "vim25/debug",
    "vim25/methods",
    "vim25/mo",
    "vim25/progress",
    "vim25/soap",
    "vim25/types",
    "vim25/xml",
  ]
  pruneopts = "UT"
  revision = "3617f28d167d448f93f282a867870f109516d2a5"
  version = "v0.19.0"

[solve-meta]
  analyzer-name = "dep"
  analyzer-version = 1
  input-imports = [
    "github.com/vmware/govmomi",
    "github.com/vmware/govmomi/vapi/rest",
    "github.com/vmware/govmomi/vapi/tags",
    "github.com/vmware/govmomi/vim25/types",
  ]
  solver-name = "gps-cdcl"
  solver-version = 1
